{
  "object": {
    "pins": [
      {
        "package": "ECUICollectionViewMultiDelegate",
        "repositoryURL": "https://github.com/EvanCooper9/ECUICollectionViewMultiDelegate",
        "state": {
          "branch": null,
          "revision": "12fc074a5438b56fba802add2a2191cf6c8eb8ff",
          "version": "0.1.0"
        }
      }
    ]
  },
  "version": 1
}
