{
  "object": {
    "pins": [
      {
        "package": "ECTimelineView",
        "repositoryURL": "https://github.com/EvanCooper9/ECTimelineView",
        "state": {
          "branch": null,
          "revision": "cbd8cabf87097442898976ae728fad5c0b381055",
          "version": "1.0.0"
        }
      }
    ]
  },
  "version": 1
}
